dependencies:
- name: mcp-server-runai
  repository: oci://ghcr.io/runai-professional-services/charts
  version: 0.1.14
- name: redis
  repository: https://charts.bitnami.com/bitnami
  version: 25.0.0
digest: sha256:60f419cc8d61dff03951aed3418c6357d4f1acbad7653e1339b6cde8b1a516df
generated: "2026-03-12T14:46:43.984216-07:00"
