dependencies:
- name: mcp-server-runai
  repository: oci://ghcr.io/runai-professional-services/charts
  version: 0.1.14
- name: redis
  repository: https://charts.bitnami.com/bitnami
  version: 20.0.5
digest: sha256:412dfc8c284b44bcf0c4c4565fde4a0d9e40bd2c140befdf0307888bc48bee19
generated: "2026-03-12T13:38:51.288965-07:00"
